{
  "name": "write-master",
  "version": "1.0.0",
  "lockfileVersion": 1,
  "requires": true,
  "dependencies": {
    "wx-touch-event": {
      "version": "1.0.1",
      "resolved": "https://registry.npmjs.org/wx-touch-event/-/wx-touch-event-1.0.1.tgz",
      "integrity": "sha1-U8Y2hzNy14l1fi5yeRNm5NkB7zY="
    },
    "wxministore": {
      "version": "1.2.81",
      "resolved": "https://registry.npmjs.org/wxministore/-/wxministore-1.2.81.tgz",
      "integrity": "sha512-0NgC5zW+XoqRUKH6S/YtcSIqpAxf9eU0ciQNOZoHVzKwqFpZbNdiQDWe/43P/q0SAn/hts0I/y8I5EisMUX+zQ=="
    }
  }
}
